
Microsoft Visual Studio Solution File, Format Version 12.00
# Visual Studio Version 16
VisualStudioVersion = 16.0.31729.503
MinimumVisualStudioVersion = 10.0.40219.1
Project("{2150E333-8FDC-42A3-9474-1A3956D46DE8}") = "Documents", "Documents", "{44A8C096-3E44-4A9C-A233-D25F9C26A756}"
	ProjectSection(SolutionItems) = preProject
		CHANGELOG.md = CHANGELOG.md
		README.md = README.md
	EndProjectSection
EndProject
Project("{2150E333-8FDC-42A3-9474-1A3956D46DE8}") = "Source", "Source", "{458BBF4D-2E25-4006-B9FE-800446AABA2A}"
EndProject
Project("{2150E333-8FDC-42A3-9474-1A3956D46DE8}") = "Core", "Core", "{8F8AF000-995F-4A67-AB26-AE342F336B59}"
EndProject
Project("{2150E333-8FDC-42A3-9474-1A3956D46DE8}") = "Infrastructure", "Infrastructure", "{C99055DC-1960-4BC8-AA98-1E3A90F0EE8B}"
EndProject
Project("{2150E333-8FDC-42A3-9474-1A3956D46DE8}") = "Presentations", "Presentations", "{BE5EF540-C11D-487D-9C98-3DAE5EBFEBE0}"
EndProject
Project("{9A19103F-16F7-4668-BE54-9A1E7A4F7556}") = "Core.Application", "Core.Application\Core.Application.csproj", "{27D896C5-66B8-4CDE-BADD-9019CC180E4E}"
EndProject
Project("{9A19103F-16F7-4668-BE54-9A1E7A4F7556}") = "Core.Domain", "Core.Domain\Core.Domain.csproj", "{3389AE25-67EF-4BA9-B7F6-3064F556BC88}"
EndProject
Project("{9A19103F-16F7-4668-BE54-9A1E7A4F7556}") = "Infrastructure.Identity", "Infrastructure.Identity\Infrastructure.Identity.csproj", "{B63EC896-BA59-4EFE-8A37-0E21816754B8}"
EndProject
Project("{9A19103F-16F7-4668-BE54-9A1E7A4F7556}") = "Infrastructure.Persistence", "Infrastructure.Persistence\Infrastructure.Persistence.csproj", "{43DB7FB6-A8B1-4ED6-9A91-A2ECE04DCBFE}"
EndProject
Project("{2150E333-8FDC-42A3-9474-1A3956D46DE8}") = "Backends", "Backends", "{0B309C6E-DBE1-48AF-9454-FFE478FC0F20}"
EndProject
Project("{9A19103F-16F7-4668-BE54-9A1E7A4F7556}") = "Presentations.Backends.Api", "Presentations.Backends.Api\Presentations.Backends.Api.csproj", "{7544BEF7-8811-4FC0-9880-9213E1C0209F}"
EndProject
Global
	GlobalSection(SolutionConfigurationPlatforms) = preSolution
		Debug|Any CPU = Debug|Any CPU
		Release|Any CPU = Release|Any CPU
	EndGlobalSection
	GlobalSection(ProjectConfigurationPlatforms) = postSolution
		{27D896C5-66B8-4CDE-BADD-9019CC180E4E}.Debug|Any CPU.ActiveCfg = Debug|Any CPU
		{27D896C5-66B8-4CDE-BADD-9019CC180E4E}.Debug|Any CPU.Build.0 = Debug|Any CPU
		{27D896C5-66B8-4CDE-BADD-9019CC180E4E}.Release|Any CPU.ActiveCfg = Release|Any CPU
		{27D896C5-66B8-4CDE-BADD-9019CC180E4E}.Release|Any CPU.Build.0 = Release|Any CPU
		{3389AE25-67EF-4BA9-B7F6-3064F556BC88}.Debug|Any CPU.ActiveCfg = Debug|Any CPU
		{3389AE25-67EF-4BA9-B7F6-3064F556BC88}.Debug|Any CPU.Build.0 = Debug|Any CPU
		{3389AE25-67EF-4BA9-B7F6-3064F556BC88}.Release|Any CPU.ActiveCfg = Release|Any CPU
		{3389AE25-67EF-4BA9-B7F6-3064F556BC88}.Release|Any CPU.Build.0 = Release|Any CPU
		{B63EC896-BA59-4EFE-8A37-0E21816754B8}.Debug|Any CPU.ActiveCfg = Debug|Any CPU
		{B63EC896-BA59-4EFE-8A37-0E21816754B8}.Debug|Any CPU.Build.0 = Debug|Any CPU
		{B63EC896-BA59-4EFE-8A37-0E21816754B8}.Release|Any CPU.ActiveCfg = Release|Any CPU
		{B63EC896-BA59-4EFE-8A37-0E21816754B8}.Release|Any CPU.Build.0 = Release|Any CPU
		{43DB7FB6-A8B1-4ED6-9A91-A2ECE04DCBFE}.Debug|Any CPU.ActiveCfg = Debug|Any CPU
		{43DB7FB6-A8B1-4ED6-9A91-A2ECE04DCBFE}.Debug|Any CPU.Build.0 = Debug|Any CPU
		{43DB7FB6-A8B1-4ED6-9A91-A2ECE04DCBFE}.Release|Any CPU.ActiveCfg = Release|Any CPU
		{43DB7FB6-A8B1-4ED6-9A91-A2ECE04DCBFE}.Release|Any CPU.Build.0 = Release|Any CPU
		{7544BEF7-8811-4FC0-9880-9213E1C0209F}.Debug|Any CPU.ActiveCfg = Debug|Any CPU
		{7544BEF7-8811-4FC0-9880-9213E1C0209F}.Debug|Any CPU.Build.0 = Debug|Any CPU
		{7544BEF7-8811-4FC0-9880-9213E1C0209F}.Release|Any CPU.ActiveCfg = Release|Any CPU
		{7544BEF7-8811-4FC0-9880-9213E1C0209F}.Release|Any CPU.Build.0 = Release|Any CPU
	EndGlobalSection
	GlobalSection(SolutionProperties) = preSolution
		HideSolutionNode = FALSE
	EndGlobalSection
	GlobalSection(NestedProjects) = preSolution
		{8F8AF000-995F-4A67-AB26-AE342F336B59} = {458BBF4D-2E25-4006-B9FE-800446AABA2A}
		{C99055DC-1960-4BC8-AA98-1E3A90F0EE8B} = {458BBF4D-2E25-4006-B9FE-800446AABA2A}
		{BE5EF540-C11D-487D-9C98-3DAE5EBFEBE0} = {458BBF4D-2E25-4006-B9FE-800446AABA2A}
		{27D896C5-66B8-4CDE-BADD-9019CC180E4E} = {8F8AF000-995F-4A67-AB26-AE342F336B59}
		{3389AE25-67EF-4BA9-B7F6-3064F556BC88} = {8F8AF000-995F-4A67-AB26-AE342F336B59}
		{B63EC896-BA59-4EFE-8A37-0E21816754B8} = {C99055DC-1960-4BC8-AA98-1E3A90F0EE8B}
		{43DB7FB6-A8B1-4ED6-9A91-A2ECE04DCBFE} = {C99055DC-1960-4BC8-AA98-1E3A90F0EE8B}
		{0B309C6E-DBE1-48AF-9454-FFE478FC0F20} = {BE5EF540-C11D-487D-9C98-3DAE5EBFEBE0}
		{7544BEF7-8811-4FC0-9880-9213E1C0209F} = {0B309C6E-DBE1-48AF-9454-FFE478FC0F20}
	EndGlobalSection
	GlobalSection(ExtensibilityGlobals) = postSolution
		SolutionGuid = {CD961510-F0CF-4D9C-8A2D-A1F776D60ACA}
	EndGlobalSection
EndGlobal
